
Microsoft Visual Studio Solution File, Format Version 12.00
# Visual Studio 15
VisualStudioVersion = 15.0.28307.421
MinimumVisualStudioVersion = 10.0.40219.1
Project("{FAE04EC0-301F-11D3-BF4B-00C04F79EFBC}") = "excel-sheet-to-json", "excel-sheet-to-json\excel-sheet-to-json.csproj", "{EC9A901A-3817-4550-A834-DD5E8CEEF108}"
EndProject
Global
	GlobalSection(SolutionConfigurationPlatforms) = preSolution
		Debug|Any CPU = Debug|Any CPU
		Release|Any CPU = Release|Any CPU
	EndGlobalSection
	GlobalSection(ProjectConfigurationPlatforms) = postSolution
		{EC9A901A-3817-4550-A834-DD5E8CEEF108}.Debug|Any CPU.ActiveCfg = Debug|Any CPU
		{EC9A901A-3817-4550-A834-DD5E8CEEF108}.Debug|Any CPU.Build.0 = Debug|Any CPU
		{EC9A901A-3817-4550-A834-DD5E8CEEF108}.Release|Any CPU.ActiveCfg = Release|Any CPU
		{EC9A901A-3817-4550-A834-DD5E8CEEF108}.Release|Any CPU.Build.0 = Release|Any CPU
	EndGlobalSection
	GlobalSection(SolutionProperties) = preSolution
		HideSolutionNode = FALSE
	EndGlobalSection
	GlobalSection(ExtensibilityGlobals) = postSolution
		SolutionGuid = {721E2033-970D-4DA2-B730-EF2B0300FB4D}
	EndGlobalSection
EndGlobal
